
Microsoft Visual Studio Solution File, Format Version 12.00
# Visual Studio for Mac
Project("{FAE04EC0-301F-11D3-BF4B-00C04F79EFBC}") = "Assembly-CSharp", "Assembly-CSharp.csproj", "{94B81C57-38B9-9D3E-D709-20E3DE0C408C}"
EndProject
Project("{FAE04EC0-301F-11D3-BF4B-00C04F79EFBC}") = "Oculus.VR", "Oculus.VR.csproj", "{E9EC45E1-13BA-E3FD-755F-D6D87FC3EB37}"
EndProject
Project("{FAE04EC0-301F-11D3-BF4B-00C04F79EFBC}") = "Assembly-CSharp-Editor", "Assembly-CSharp-Editor.csproj", "{5D7D61B9-85DD-5956-E7F9-FA09D59FE5C0}"
EndProject
Project("{FAE04EC0-301F-11D3-BF4B-00C04F79EFBC}") = "Oculus.VR.Scripts.Editor", "Oculus.VR.Scripts.Editor.csproj", "{A0E2779A-D907-73DA-F90E-F72160BAFDAA}"
EndProject
Project("{FAE04EC0-301F-11D3-BF4B-00C04F79EFBC}") = "Oculus.VR.Editor", "Oculus.VR.Editor.csproj", "{CDAAFAE2-111C-2E92-89FD-B011A370775C}"
EndProject
Global
	GlobalSection(SolutionConfigurationPlatforms) = preSolution
		Debug|Any CPU = Debug|Any CPU
		Release|Any CPU = Release|Any CPU
	EndGlobalSection
	GlobalSection(ProjectConfigurationPlatforms) = postSolution
		{94B81C57-38B9-9D3E-D709-20E3DE0C408C}.Debug|Any CPU.ActiveCfg = Debug|Any CPU
		{94B81C57-38B9-9D3E-D709-20E3DE0C408C}.Debug|Any CPU.Build.0 = Debug|Any CPU
		{94B81C57-38B9-9D3E-D709-20E3DE0C408C}.Release|Any CPU.ActiveCfg = Release|Any CPU
		{94B81C57-38B9-9D3E-D709-20E3DE0C408C}.Release|Any CPU.Build.0 = Release|Any CPU
		{E9EC45E1-13BA-E3FD-755F-D6D87FC3EB37}.Debug|Any CPU.ActiveCfg = Debug|Any CPU
		{E9EC45E1-13BA-E3FD-755F-D6D87FC3EB37}.Debug|Any CPU.Build.0 = Debug|Any CPU
		{E9EC45E1-13BA-E3FD-755F-D6D87FC3EB37}.Release|Any CPU.ActiveCfg = Release|Any CPU
		{E9EC45E1-13BA-E3FD-755F-D6D87FC3EB37}.Release|Any CPU.Build.0 = Release|Any CPU
		{5D7D61B9-85DD-5956-E7F9-FA09D59FE5C0}.Debug|Any CPU.ActiveCfg = Debug|Any CPU
		{5D7D61B9-85DD-5956-E7F9-FA09D59FE5C0}.Debug|Any CPU.Build.0 = Debug|Any CPU
		{5D7D61B9-85DD-5956-E7F9-FA09D59FE5C0}.Release|Any CPU.ActiveCfg = Release|Any CPU
		{5D7D61B9-85DD-5956-E7F9-FA09D59FE5C0}.Release|Any CPU.Build.0 = Release|Any CPU
		{A0E2779A-D907-73DA-F90E-F72160BAFDAA}.Debug|Any CPU.ActiveCfg = Debug|Any CPU
		{A0E2779A-D907-73DA-F90E-F72160BAFDAA}.Debug|Any CPU.Build.0 = Debug|Any CPU
		{A0E2779A-D907-73DA-F90E-F72160BAFDAA}.Release|Any CPU.ActiveCfg = Release|Any CPU
		{A0E2779A-D907-73DA-F90E-F72160BAFDAA}.Release|Any CPU.Build.0 = Release|Any CPU
		{CDAAFAE2-111C-2E92-89FD-B011A370775C}.Debug|Any CPU.ActiveCfg = Debug|Any CPU
		{CDAAFAE2-111C-2E92-89FD-B011A370775C}.Debug|Any CPU.Build.0 = Debug|Any CPU
		{CDAAFAE2-111C-2E92-89FD-B011A370775C}.Release|Any CPU.ActiveCfg = Release|Any CPU
		{CDAAFAE2-111C-2E92-89FD-B011A370775C}.Release|Any CPU.Build.0 = Release|Any CPU
	EndGlobalSection
	GlobalSection(SolutionProperties) = preSolution
		HideSolutionNode = FALSE
	EndGlobalSection
EndGlobal
